// !$*UTF8*$!
{
	archiveVersion = 1;
	classes = {
	};
	objectVersion = 46;
	objects = {

/* Begin PBXBuildFile section */
		D602ED691AE607A900B24BB4 /* creci.png in Resources */ = {isa = PBXBuildFile; fileRef = D602ED671AE607A900B24BB4 /* creci.png */; };
		D602ED6A1AE607A900B24BB4 /* mack.png in Resources */ = {isa = PBXBuildFile; fileRef = D602ED681AE607A900B24BB4 /* mack.png */; };
		D602ED6C1AE6091100B24BB4 /* highSchool.png in Resources */ = {isa = PBXBuildFile; fileRef = D602ED6B1AE6091100B24BB4 /* highSchool.png */; };
		D61521361ADE9D1E006772DD /* AppDelegate.swift in Sources */ = {isa = PBXBuildFile; fileRef = D61521351ADE9D1E006772DD /* AppDelegate.swift */; };
		D61521381ADE9D1E006772DD /* ViewController.swift in Sources */ = {isa = PBXBuildFile; fileRef = D61521371ADE9D1E006772DD /* ViewController.swift */; };
		D615213B1ADE9D1F006772DD /* Main.storyboard in Resources */ = {isa = PBXBuildFile; fileRef = D61521391ADE9D1F006772DD /* Main.storyboard */; };
		D615213D1ADE9D1F006772DD /* Images.xcassets in Resources */ = {isa = PBXBuildFile; fileRef = D615213C1ADE9D1F006772DD /* Images.xcassets */; };
		D615214C1ADE9D1F006772DD /* Jorge_GarciaTests.swift in Sources */ = {isa = PBXBuildFile; fileRef = D615214B1ADE9D1F006772DD /* Jorge_GarciaTests.swift */; };
		D656D2421AE39500000D11AE /* PostIt.swift in Sources */ = {isa = PBXBuildFile; fileRef = D656D2411AE39500000D11AE /* PostIt.swift */; };
		D6A963B61AE0287000878FC1 /* Animations.swift in Sources */ = {isa = PBXBuildFile; fileRef = D6A963B51AE0287000878FC1 /* Animations.swift */; };
		D6A963B81AE1B1DB00878FC1 /* PageViewController.swift in Sources */ = {isa = PBXBuildFile; fileRef = D6A963B71AE1B1DB00878FC1 /* PageViewController.swift */; };
		D6DF82121AE5B44000784294 /* games.png in Resources */ = {isa = PBXBuildFile; fileRef = D6DF820E1AE5B44000784294 /* games.png */; };
		D6DF82131AE5B44000784294 /* guitar.png in Resources */ = {isa = PBXBuildFile; fileRef = D6DF820F1AE5B44000784294 /* guitar.png */; };
		D6DF82141AE5B44000784294 /* reading.png in Resources */ = {isa = PBXBuildFile; fileRef = D6DF82101AE5B44000784294 /* reading.png */; };
		D6DF82151AE5B44000784294 /* swimming.png in Resources */ = {isa = PBXBuildFile; fileRef = D6DF82111AE5B44000784294 /* swimming.png */; };
		D6DF82191AE5C2C300784294 /* college.png in Resources */ = {isa = PBXBuildFile; fileRef = D6DF82171AE5C2C300784294 /* college.png */; };
		D6DF821A1AE5C2C300784294 /* highSchool2.png in Resources */ = {isa = PBXBuildFile; fileRef = D6DF82181AE5C2C300784294 /* highSchool2.png */; };
		D6DF821E1AE5C57700784294 /* garageBand.png in Resources */ = {isa = PBXBuildFile; fileRef = D6DF821C1AE5C57700784294 /* garageBand.png */; };
		D6DF821F1AE5C57700784294 /* xcode.png in Resources */ = {isa = PBXBuildFile; fileRef = D6DF821D1AE5C57700784294 /* xcode.png */; };
		D6DF82211AE5C64100784294 /* itunesU.png in Resources */ = {isa = PBXBuildFile; fileRef = D6DF82201AE5C64100784294 /* itunesU.png */; };
		D6DF82231AE5CA4000784294 /* work.png in Resources */ = {isa = PBXBuildFile; fileRef = D6DF82221AE5CA4000784294 /* work.png */; };
		D6FDD33D1AE4646A00303405 /* dotNet.png in Resources */ = {isa = PBXBuildFile; fileRef = D6FDD33A1AE4646A00303405 /* dotNet.png */; };
		D6FDD33E1AE4646A00303405 /* ios.png in Resources */ = {isa = PBXBuildFile; fileRef = D6FDD33B1AE4646A00303405 /* ios.png */; };
		D6FDD33F1AE4646A00303405 /* java.png in Resources */ = {isa = PBXBuildFile; fileRef = D6FDD33C1AE4646A00303405 /* java.png */; };
		D6FDD3411AE4688C00303405 /* web.png in Resources */ = {isa = PBXBuildFile; fileRef = D6FDD3401AE4688C00303405 /* web.png */; };
		D6FE72AF1AED8EDF005F9938 /* mov5.mp4 in Resources */ = {isa = PBXBuildFile; fileRef = D6FE72AE1AED8EDF005F9938 /* mov5.mp4 */; };
		D6FE72B11AED9D8B005F9938 /* appStore.png in Resources */ = {isa = PBXBuildFile; fileRef = D6FE72B01AED9D8B005F9938 /* appStore.png */; };
		D6FE72B61AEDA2F9005F9938 /* 12-8.png in Resources */ = {isa = PBXBuildFile; fileRef = D6FE72B31AEDA2F9005F9938 /* 12-8.png */; };
		D6FE72B71AEDA2F9005F9938 /* flashlight.png in Resources */ = {isa = PBXBuildFile; fileRef = D6FE72B41AEDA2F9005F9938 /* flashlight.png */; };
		D6FE72B81AEDA2F9005F9938 /* imBored.png in Resources */ = {isa = PBXBuildFile; fileRef = D6FE72B51AEDA2F9005F9938 /* imBored.png */; };
		D6FE72BB1AEDA59C005F9938 /* putsPuts.png in Resources */ = {isa = PBXBuildFile; fileRef = D6FE72B91AEDA59C005F9938 /* putsPuts.png */; };
		D6FE72BC1AEDA59C005F9938 /* stickman.png in Resources */ = {isa = PBXBuildFile; fileRef = D6FE72BA1AEDA59C005F9938 /* stickman.png */; };
/* End PBXBuildFile section */

/* Begin PBXContainerItemProxy section */
		D61521461ADE9D1F006772DD /* PBXContainerItemProxy */ = {
			isa = PBXContainerItemProxy;
			containerPortal = D61521281ADE9D1E006772DD /* Project object */;
			proxyType = 1;
			remoteGlobalIDString = D615212F1ADE9D1E006772DD;
			remoteInfo = "Jorge Garcia";
		};
/* End PBXContainerItemProxy section */

/* Begin PBXFileReference section */
		D602ED671AE607A900B24BB4 /* creci.png */ = {isa = PBXFileReference; lastKnownFileType = image.png; name = creci.png; path = Content/Professional/creci.png; sourceTree = "<group>"; };
		D602ED681AE607A900B24BB4 /* mack.png */ = {isa = PBXFileReference; lastKnownFileType = image.png; name = mack.png; path = Content/Professional/mack.png; sourceTree = "<group>"; };
		D602ED6B1AE6091100B24BB4 /* highSchool.png */ = {isa = PBXFileReference; lastKnownFileType = image.png; name = highSchool.png; path = Content/Academic/highSchool.png; sourceTree = "<group>"; };
		D61521301ADE9D1E006772DD /* Jorge Garcia.app */ = {isa = PBXFileReference; explicitFileType = wrapper.application; includeInIndex = 0; path = "Jorge Garcia.app"; sourceTree = BUILT_PRODUCTS_DIR; };
		D61521341ADE9D1E006772DD /* Info.plist */ = {isa = PBXFileReference; lastKnownFileType = text.plist.xml; path = Info.plist; sourceTree = "<group>"; };
		D61521351ADE9D1E006772DD /* AppDelegate.swift */ = {isa = PBXFileReference; lastKnownFileType = sourcecode.swift; path = AppDelegate.swift; sourceTree = "<group>"; };
		D61521371ADE9D1E006772DD /* ViewController.swift */ = {isa = PBXFileReference; lastKnownFileType = sourcecode.swift; path = ViewController.swift; sourceTree = "<group>"; };
		D615213A1ADE9D1F006772DD /* Base */ = {isa = PBXFileReference; lastKnownFileType = file.storyboard; name = Base; path = Base.lproj/Main.storyboard; sourceTree = "<group>"; };
		D615213C1ADE9D1F006772DD /* Images.xcassets */ = {isa = PBXFileReference; lastKnownFileType = folder.assetcatalog; path = Images.xcassets; sourceTree = "<group>"; };
		D61521451ADE9D1F006772DD /* Jorge GarciaTests.xctest */ = {isa = PBXFileReference; explicitFileType = wrapper.cfbundle; includeInIndex = 0; path = "Jorge GarciaTests.xctest"; sourceTree = BUILT_PRODUCTS_DIR; };
		D615214A1ADE9D1F006772DD /* Info.plist */ = {isa = PBXFileReference; lastKnownFileType = text.plist.xml; path = Info.plist; sourceTree = "<group>"; };
		D615214B1ADE9D1F006772DD /* Jorge_GarciaTests.swift */ = {isa = PBXFileReference; lastKnownFileType = sourcecode.swift; path = Jorge_GarciaTests.swift; sourceTree = "<group>"; };
		D656D2411AE39500000D11AE /* PostIt.swift */ = {isa = PBXFileReference; fileEncoding = 4; lastKnownFileType = sourcecode.swift; path = PostIt.swift; sourceTree = "<group>"; };
		D6A963B51AE0287000878FC1 /* Animations.swift */ = {isa = PBXFileReference; fileEncoding = 4; lastKnownFileType = sourcecode.swift; path = Animations.swift; sourceTree = "<group>"; };
		D6A963B71AE1B1DB00878FC1 /* PageViewController.swift */ = {isa = PBXFileReference; fileEncoding = 4; lastKnownFileType = sourcecode.swift; path = PageViewController.swift; sourceTree = "<group>"; };
		D6DF820E1AE5B44000784294 /* games.png */ = {isa = PBXFileReference; lastKnownFileType = image.png; name = games.png; path = Content/Hobbies/games.png; sourceTree = "<group>"; };
		D6DF820F1AE5B44000784294 /* guitar.png */ = {isa = PBXFileReference; lastKnownFileType = image.png; name = guitar.png; path = Content/Hobbies/guitar.png; sourceTree = "<group>"; };
		D6DF82101AE5B44000784294 /* reading.png */ = {isa = PBXFileReference; lastKnownFileType = image.png; name = reading.png; path = Content/Hobbies/reading.png; sourceTree = "<group>"; };
		D6DF82111AE5B44000784294 /* swimming.png */ = {isa = PBXFileReference; lastKnownFileType = image.png; name = swimming.png; path = Content/Hobbies/swimming.png; sourceTree = "<group>"; };
		D6DF82171AE5C2C300784294 /* college.png */ = {isa = PBXFileReference; lastKnownFileType = image.png; name = college.png; path = Content/Academic/college.png; sourceTree = "<group>"; };
		D6DF82181AE5C2C300784294 /* highSchool2.png */ = {isa = PBXFileReference; lastKnownFileType = image.png; name = highSchool2.png; path = Content/Academic/highSchool2.png; sourceTree = "<group>"; };
		D6DF821C1AE5C57700784294 /* garageBand.png */ = {isa = PBXFileReference; lastKnownFileType = image.png; name = garageBand.png; path = Content/background/garageBand.png; sourceTree = "<group>"; };
		D6DF821D1AE5C57700784294 /* xcode.png */ = {isa = PBXFileReference; lastKnownFileType = image.png; name = xcode.png; path = Content/background/xcode.png; sourceTree = "<group>"; };
		D6DF82201AE5C64100784294 /* itunesU.png */ = {isa = PBXFileReference; lastKnownFileType = image.png; name = itunesU.png; path = Content/background/itunesU.png; sourceTree = "<group>"; };
		D6DF82221AE5CA4000784294 /* work.png */ = {isa = PBXFileReference; lastKnownFileType = image.png; name = work.png; path = Content/background/work.png; sourceTree = "<group>"; };
		D6FDD33A1AE4646A00303405 /* dotNet.png */ = {isa = PBXFileReference; lastKnownFileType = image.png; name = dotNet.png; path = Content/DeveloperSkills/dotNet.png; sourceTree = "<group>"; };
		D6FDD33B1AE4646A00303405 /* ios.png */ = {isa = PBXFileReference; lastKnownFileType = image.png; name = ios.png; path = Content/DeveloperSkills/ios.png; sourceTree = "<group>"; };
		D6FDD33C1AE4646A00303405 /* java.png */ = {isa = PBXFileReference; lastKnownFileType = image.png; name = java.png; path = Content/DeveloperSkills/java.png; sourceTree = "<group>"; };
		D6FDD3401AE4688C00303405 /* web.png */ = {isa = PBXFileReference; lastKnownFileType = image.png; name = web.png; path = Content/DeveloperSkills/web.png; sourceTree = "<group>"; };
		D6FE72AE1AED8EDF005F9938 /* mov5.mp4 */ = {isa = PBXFileReference; lastKnownFileType = file; name = mov5.mp4; path = Content/background/mov5.mp4; sourceTree = "<group>"; };
		D6FE72B01AED9D8B005F9938 /* appStore.png */ = {isa = PBXFileReference; lastKnownFileType = image.png; name = appStore.png; path = Content/background/appStore.png; sourceTree = "<group>"; };
		D6FE72B31AEDA2F9005F9938 /* 12-8.png */ = {isa = PBXFileReference; lastKnownFileType = image.png; name = "12-8.png"; path = "Content/Projects/12-8.png"; sourceTree = "<group>"; };
		D6FE72B41AEDA2F9005F9938 /* flashlight.png */ = {isa = PBXFileReference; lastKnownFileType = image.png; name = flashlight.png; path = Content/Projects/flashlight.png; sourceTree = "<group>"; };
		D6FE72B51AEDA2F9005F9938 /* imBored.png */ = {isa = PBXFileReference; lastKnownFileType = image.png; name = imBored.png; path = Content/Projects/imBored.png; sourceTree = "<group>"; };
		D6FE72B91AEDA59C005F9938 /* putsPuts.png */ = {isa = PBXFileReference; lastKnownFileType = image.png; name = putsPuts.png; path = Content/Projects/future/putsPuts.png; sourceTree = "<group>"; };
		D6FE72BA1AEDA59C005F9938 /* stickman.png */ = {isa = PBXFileReference; lastKnownFileType = image.png; name = stickman.png; path = Content/Projects/future/stickman.png; sourceTree = "<group>"; };
/* End PBXFileReference section */

/* Begin PBXFrameworksBuildPhase section */
		D615212D1ADE9D1E006772DD /* Frameworks */ = {
			isa = PBXFrameworksBuildPhase;
			buildActionMask = 2147483647;
			files = (
			);
			runOnlyForDeploymentPostprocessing = 0;
		};
		D61521421ADE9D1F006772DD /* Frameworks */ = {
			isa = PBXFrameworksBuildPhase;
			buildActionMask = 2147483647;
			files = (
			);
			runOnlyForDeploymentPostprocessing = 0;
		};
/* End PBXFrameworksBuildPhase section */

/* Begin PBXGroup section */
		D602ED661AE6079400B24BB4 /* Professional */ = {
			isa = PBXGroup;
			children = (
				D602ED671AE607A900B24BB4 /* creci.png */,
				D602ED681AE607A900B24BB4 /* mack.png */,
			);
			name = Professional;
			sourceTree = "<group>";
		};
		D61521271ADE9D1E006772DD = {
			isa = PBXGroup;
			children = (
				D61521321ADE9D1E006772DD /* Jorge Garcia */,
				D61521331ADE9D1E006772DD /* Supporting Files */,
				D61521481ADE9D1F006772DD /* Jorge GarciaTests */,
				D61521311ADE9D1E006772DD /* Products */,
			);
			sourceTree = "<group>";
		};
		D61521311ADE9D1E006772DD /* Products */ = {
			isa = PBXGroup;
			children = (
				D61521301ADE9D1E006772DD /* Jorge Garcia.app */,
				D61521451ADE9D1F006772DD /* Jorge GarciaTests.xctest */,
			);
			name = Products;
			sourceTree = "<group>";
		};
		D61521321ADE9D1E006772DD /* Jorge Garcia */ = {
			isa = PBXGroup;
			children = (
				D61521351ADE9D1E006772DD /* AppDelegate.swift */,
				D6FDD3321AE4435500303405 /* Content */,
				D6FDD3351AE450B200303405 /* View */,
				D6A963B51AE0287000878FC1 /* Animations.swift */,
				D61521391ADE9D1F006772DD /* Main.storyboard */,
				D615213C1ADE9D1F006772DD /* Images.xcassets */,
			);
			path = "Jorge Garcia";
			sourceTree = "<group>";
		};
		D61521331ADE9D1E006772DD /* Supporting Files */ = {
			isa = PBXGroup;
			children = (
				D61521341ADE9D1E006772DD /* Info.plist */,
			);
			name = "Supporting Files";
			path = "Jorge Garcia";
			sourceTree = "<group>";
		};
		D61521481ADE9D1F006772DD /* Jorge GarciaTests */ = {
			isa = PBXGroup;
			children = (
				D615214B1ADE9D1F006772DD /* Jorge_GarciaTests.swift */,
				D61521491ADE9D1F006772DD /* Supporting Files */,
			);
			path = "Jorge GarciaTests";
			sourceTree = "<group>";
		};
		D61521491ADE9D1F006772DD /* Supporting Files */ = {
			isa = PBXGroup;
			children = (
				D615214A1ADE9D1F006772DD /* Info.plist */,
			);
			name = "Supporting Files";
			sourceTree = "<group>";
		};
		D6DF820D1AE5B42200784294 /* Hobbies */ = {
			isa = PBXGroup;
			children = (
				D6DF820E1AE5B44000784294 /* games.png */,
				D6DF820F1AE5B44000784294 /* guitar.png */,
				D6DF82101AE5B44000784294 /* reading.png */,
				D6DF82111AE5B44000784294 /* swimming.png */,
			);
			name = Hobbies;
			sourceTree = "<group>";
		};
		D6DF82161AE5C2B000784294 /* Academic */ = {
			isa = PBXGroup;
			children = (
				D602ED6B1AE6091100B24BB4 /* highSchool.png */,
				D6DF82171AE5C2C300784294 /* college.png */,
				D6DF82181AE5C2C300784294 /* highSchool2.png */,
			);
			name = Academic;
			sourceTree = "<group>";
		};
		D6DF821B1AE5C34500784294 /* background */ = {
			isa = PBXGroup;
			children = (
				D6FE72B01AED9D8B005F9938 /* appStore.png */,
				D6FE72AE1AED8EDF005F9938 /* mov5.mp4 */,
				D6DF82221AE5CA4000784294 /* work.png */,
				D6DF82201AE5C64100784294 /* itunesU.png */,
				D6DF821C1AE5C57700784294 /* garageBand.png */,
				D6DF821D1AE5C57700784294 /* xcode.png */,
			);
			name = background;
			sourceTree = "<group>";
		};
		D6FDD3321AE4435500303405 /* Content */ = {
			isa = PBXGroup;
			children = (
				D6FE72B21AEDA2DD005F9938 /* Projects */,
				D602ED661AE6079400B24BB4 /* Professional */,
				D6DF821B1AE5C34500784294 /* background */,
				D6DF82161AE5C2B000784294 /* Academic */,
				D6DF820D1AE5B42200784294 /* Hobbies */,
				D6FDD3391AE4645000303405 /* DeveloperSkills */,
			);
			name = Content;
			sourceTree = "<group>";
		};
		D6FDD3351AE450B200303405 /* View */ = {
			isa = PBXGroup;
			children = (
				D656D2411AE39500000D11AE /* PostIt.swift */,
				D6A963B71AE1B1DB00878FC1 /* PageViewController.swift */,
				D61521371ADE9D1E006772DD /* ViewController.swift */,
			);
			name = View;
			sourceTree = "<group>";
		};
		D6FDD3391AE4645000303405 /* DeveloperSkills */ = {
			isa = PBXGroup;
			children = (
				D6FDD3401AE4688C00303405 /* web.png */,
				D6FDD33A1AE4646A00303405 /* dotNet.png */,
				D6FDD33B1AE4646A00303405 /* ios.png */,
				D6FDD33C1AE4646A00303405 /* java.png */,
			);
			name = DeveloperSkills;
			sourceTree = "<group>";
		};
		D6FE72B21AEDA2DD005F9938 /* Projects */ = {
			isa = PBXGroup;
			children = (
				D6FE72B91AEDA59C005F9938 /* putsPuts.png */,
				D6FE72BA1AEDA59C005F9938 /* stickman.png */,
				D6FE72B31AEDA2F9005F9938 /* 12-8.png */,
				D6FE72B41AEDA2F9005F9938 /* flashlight.png */,
				D6FE72B51AEDA2F9005F9938 /* imBored.png */,
			);
			name = Projects;
			sourceTree = "<group>";
		};
/* End PBXGroup section */

/* Begin PBXNativeTarget section */
		D615212F1ADE9D1E006772DD /* Jorge Garcia */ = {
			isa = PBXNativeTarget;
			buildConfigurationList = D615214F1ADE9D1F006772DD /* Build configuration list for PBXNativeTarget "Jorge Garcia" */;
			buildPhases = (
				D615212C1ADE9D1E006772DD /* Sources */,
				D615212D1ADE9D1E006772DD /* Frameworks */,
				D615212E1ADE9D1E006772DD /* Resources */,
			);
			buildRules = (
			);
			dependencies = (
			);
			name = "Jorge Garcia";
			productName = "Jorge Garcia";
			productReference = D61521301ADE9D1E006772DD /* Jorge Garcia.app */;
			productType = "com.apple.product-type.application";
		};
		D61521441ADE9D1F006772DD /* Jorge GarciaTests */ = {
			isa = PBXNativeTarget;
			buildConfigurationList = D61521521ADE9D1F006772DD /* Build configuration list for PBXNativeTarget "Jorge GarciaTests" */;
			buildPhases = (
				D61521411ADE9D1F006772DD /* Sources */,
				D61521421ADE9D1F006772DD /* Frameworks */,
				D61521431ADE9D1F006772DD /* Resources */,
			);
			buildRules = (
			);
			dependencies = (
				D61521471ADE9D1F006772DD /* PBXTargetDependency */,
			);
			name = "Jorge GarciaTests";
			productName = "Jorge GarciaTests";
			productReference = D61521451ADE9D1F006772DD /* Jorge GarciaTests.xctest */;
			productType = "com.apple.product-type.bundle.unit-test";
		};
/* End PBXNativeTarget section */

/* Begin PBXProject section */
		D61521281ADE9D1E006772DD /* Project object */ = {
			isa = PBXProject;
			attributes = {
				LastUpgradeCheck = 0630;
				ORGANIZATIONNAME = "Jorge Henrique P. Garcia";
				TargetAttributes = {
					D615212F1ADE9D1E006772DD = {
						CreatedOnToolsVersion = 6.3;
						DevelopmentTeam = 6VEL7G8EU2;
					};
					D61521441ADE9D1F006772DD = {
						CreatedOnToolsVersion = 6.3;
						TestTargetID = D615212F1ADE9D1E006772DD;
					};
				};
			};
			buildConfigurationList = D615212B1ADE9D1E006772DD /* Build configuration list for PBXProject "Jorge Garcia" */;
			compatibilityVersion = "Xcode 3.2";
			developmentRegion = English;
			hasScannedForEncodings = 0;
			knownRegions = (
				en,
				Base,
			);
			mainGroup = D61521271ADE9D1E006772DD;
			productRefGroup = D61521311ADE9D1E006772DD /* Products */;
			projectDirPath = "";
			projectRoot = "";
			targets = (
				D615212F1ADE9D1E006772DD /* Jorge Garcia */,
				D61521441ADE9D1F006772DD /* Jorge GarciaTests */,
			);
		};
/* End PBXProject section */

/* Begin PBXResourcesBuildPhase section */
		D615212E1ADE9D1E006772DD /* Resources */ = {
			isa = PBXResourcesBuildPhase;
			buildActionMask = 2147483647;
			files = (
				D6FE72BB1AEDA59C005F9938 /* putsPuts.png in Resources */,
				D6FE72B81AEDA2F9005F9938 /* imBored.png in Resources */,
				D6FDD3411AE4688C00303405 /* web.png in Resources */,
				D6DF82191AE5C2C300784294 /* college.png in Resources */,
				D6DF82121AE5B44000784294 /* games.png in Resources */,
				D615213B1ADE9D1F006772DD /* Main.storyboard in Resources */,
				D6DF821A1AE5C2C300784294 /* highSchool2.png in Resources */,
				D6DF82231AE5CA4000784294 /* work.png in Resources */,
				D6FE72B11AED9D8B005F9938 /* appStore.png in Resources */,
				D602ED6C1AE6091100B24BB4 /* highSchool.png in Resources */,
				D6DF82141AE5B44000784294 /* reading.png in Resources */,
				D615213D1ADE9D1F006772DD /* Images.xcassets in Resources */,
				D6DF82131AE5B44000784294 /* guitar.png in Resources */,
				D6FE72B61AEDA2F9005F9938 /* 12-8.png in Resources */,
				D6FE72B71AEDA2F9005F9938 /* flashlight.png in Resources */,
				D6FDD33E1AE4646A00303405 /* ios.png in Resources */,
				D6DF82151AE5B44000784294 /* swimming.png in Resources */,
				D602ED6A1AE607A900B24BB4 /* mack.png in Resources */,
				D602ED691AE607A900B24BB4 /* creci.png in Resources */,
				D6FE72BC1AEDA59C005F9938 /* stickman.png in Resources */,
				D6DF82211AE5C64100784294 /* itunesU.png in Resources */,
				D6DF821F1AE5C57700784294 /* xcode.png in Resources */,
				D6FDD33F1AE4646A00303405 /* java.png in Resources */,
				D6FDD33D1AE4646A00303405 /* dotNet.png in Resources */,
				D6FE72AF1AED8EDF005F9938 /* mov5.mp4 in Resources */,
				D6DF821E1AE5C57700784294 /* garageBand.png in Resources */,
			);
			runOnlyForDeploymentPostprocessing = 0;
		};
		D61521431ADE9D1F006772DD /* Resources */ = {
			isa = PBXResourcesBuildPhase;
			buildActionMask = 2147483647;
			files = (
			);
			runOnlyForDeploymentPostprocessing = 0;
		};
/* End PBXResourcesBuildPhase section */

/* Begin PBXSourcesBuildPhase section */
		D615212C1ADE9D1E006772DD /* Sources */ = {
			isa = PBXSourcesBuildPhase;
			buildActionMask = 2147483647;
			files = (
				D656D2421AE39500000D11AE /* PostIt.swift in Sources */,
				D6A963B61AE0287000878FC1 /* Animations.swift in Sources */,
				D61521381ADE9D1E006772DD /* ViewController.swift in Sources */,
				D6A963B81AE1B1DB00878FC1 /* PageViewController.swift in Sources */,
				D61521361ADE9D1E006772DD /* AppDelegate.swift in Sources */,
			);
			runOnlyForDeploymentPostprocessing = 0;
		};
		D61521411ADE9D1F006772DD /* Sources */ = {
			isa = PBXSourcesBuildPhase;
			buildActionMask = 2147483647;
			files = (
				D615214C1ADE9D1F006772DD /* Jorge_GarciaTests.swift in Sources */,
			);
			runOnlyForDeploymentPostprocessing = 0;
		};
/* End PBXSourcesBuildPhase section */

/* Begin PBXTargetDependency section */
		D61521471ADE9D1F006772DD /* PBXTargetDependency */ = {
			isa = PBXTargetDependency;
			target = D615212F1ADE9D1E006772DD /* Jorge Garcia */;
			targetProxy = D61521461ADE9D1F006772DD /* PBXContainerItemProxy */;
		};
/* End PBXTargetDependency section */

/* Begin PBXVariantGroup section */
		D61521391ADE9D1F006772DD /* Main.storyboard */ = {
			isa = PBXVariantGroup;
			children = (
				D615213A1ADE9D1F006772DD /* Base */,
			);
			name = Main.storyboard;
			sourceTree = "<group>";
		};
/* End PBXVariantGroup section */

/* Begin XCBuildConfiguration section */
		D615214D1ADE9D1F006772DD /* Debug */ = {
			isa = XCBuildConfiguration;
			buildSettings = {
				ALWAYS_SEARCH_USER_PATHS = NO;
				CLANG_CXX_LANGUAGE_STANDARD = "gnu++0x";
				CLANG_CXX_LIBRARY = "libc++";
				CLANG_ENABLE_MODULES = YES;
				CLANG_ENABLE_OBJC_ARC = YES;
				CLANG_WARN_BOOL_CONVERSION = YES;
				CLANG_WARN_CONSTANT_CONVERSION = YES;
				CLANG_WARN_DIRECT_OBJC_ISA_USAGE = YES_ERROR;
				CLANG_WARN_EMPTY_BODY = YES;
				CLANG_WARN_ENUM_CONVERSION = YES;
				CLANG_WARN_INT_CONVERSION = YES;
				CLANG_WARN_OBJC_ROOT_CLASS = YES_ERROR;
				CLANG_WARN_UNREACHABLE_CODE = YES;
				CLANG_WARN__DUPLICATE_METHOD_MATCH = YES;
				"CODE_SIGN_IDENTITY[sdk=iphoneos*]" = "iPhone Developer";
				COPY_PHASE_STRIP = NO;
				DEBUG_INFORMATION_FORMAT = "dwarf-with-dsym";
				ENABLE_STRICT_OBJC_MSGSEND = YES;
				GCC_C_LANGUAGE_STANDARD = gnu99;
				GCC_DYNAMIC_NO_PIC = NO;
				GCC_NO_COMMON_BLOCKS = YES;
				GCC_OPTIMIZATION_LEVEL = 0;
				GCC_PREPROCESSOR_DEFINITIONS = (
					"DEBUG=1",
					"$(inherited)",
				);
				GCC_SYMBOLS_PRIVATE_EXTERN = NO;
				GCC_WARN_64_TO_32_BIT_CONVERSION = YES;
				GCC_WARN_ABOUT_RETURN_TYPE = YES_ERROR;
				GCC_WARN_UNDECLARED_SELECTOR = YES;
				GCC_WARN_UNINITIALIZED_AUTOS = YES_AGGRESSIVE;
				GCC_WARN_UNUSED_FUNCTION = YES;
				GCC_WARN_UNUSED_VARIABLE = YES;
				IPHONEOS_DEPLOYMENT_TARGET = 8.3;
				MTL_ENABLE_DEBUG_INFO = YES;
				ONLY_ACTIVE_ARCH = YES;
				SDKROOT = iphoneos;
				SWIFT_OPTIMIZATION_LEVEL = "-Onone";
				TARGETED_DEVICE_FAMILY = "1,2";
			};
			name = Debug;
		};
		D615214E1ADE9D1F006772DD /* Release */ = {
			isa = XCBuildConfiguration;
			buildSettings = {
				ALWAYS_SEARCH_USER_PATHS = NO;
				CLANG_CXX_LANGUAGE_STANDARD = "gnu++0x";
				CLANG_CXX_LIBRARY = "libc++";
				CLANG_ENABLE_MODULES = YES;
				CLANG_ENABLE_OBJC_ARC = YES;
				CLANG_WARN_BOOL_CONVERSION = YES;
				CLANG_WARN_CONSTANT_CONVERSION = YES;
				CLANG_WARN_DIRECT_OBJC_ISA_USAGE = YES_ERROR;
				CLANG_WARN_EMPTY_BODY = YES;
				CLANG_WARN_ENUM_CONVERSION = YES;
				CLANG_WARN_INT_CONVERSION = YES;
				CLANG_WARN_OBJC_ROOT_CLASS = YES_ERROR;
				CLANG_WARN_UNREACHABLE_CODE = YES;
				CLANG_WARN__DUPLICATE_METHOD_MATCH = YES;
				"CODE_SIGN_IDENTITY[sdk=iphoneos*]" = "iPhone Developer";
				COPY_PHASE_STRIP = NO;
				DEBUG_INFORMATION_FORMAT = "dwarf-with-dsym";
				ENABLE_NS_ASSERTIONS = NO;
				ENABLE_STRICT_OBJC_MSGSEND = YES;
				GCC_C_LANGUAGE_STANDARD = gnu99;
				GCC_NO_COMMON_BLOCKS = YES;
				GCC_WARN_64_TO_32_BIT_CONVERSION = YES;
				GCC_WARN_ABOUT_RETURN_TYPE = YES_ERROR;
				GCC_WARN_UNDECLARED_SELECTOR = YES;
				GCC_WARN_UNINITIALIZED_AUTOS = YES_AGGRESSIVE;
				GCC_WARN_UNUSED_FUNCTION = YES;
				GCC_WARN_UNUSED_VARIABLE = YES;
				IPHONEOS_DEPLOYMENT_TARGET = 8.3;
				MTL_ENABLE_DEBUG_INFO = NO;
				SDKROOT = iphoneos;
				TARGETED_DEVICE_FAMILY = "1,2";
				VALIDATE_PRODUCT = YES;
			};
			name = Release;
		};
		D61521501ADE9D1F006772DD /* Debug */ = {
			isa = XCBuildConfiguration;
			buildSettings = {
				ASSETCATALOG_COMPILER_APPICON_NAME = AppIcon;
				CODE_SIGN_IDENTITY = "iPhone Developer";
				INFOPLIST_FILE = "Jorge Garcia/Info.plist";
				LD_RUNPATH_SEARCH_PATHS = "$(inherited) @executable_path/Frameworks";
				PRODUCT_NAME = "$(TARGET_NAME)";
			};
			name = Debug;
		};
		D61521511ADE9D1F006772DD /* Release */ = {
			isa = XCBuildConfiguration;
			buildSettings = {
				ASSETCATALOG_COMPILER_APPICON_NAME = AppIcon;
				CODE_SIGN_IDENTITY = "iPhone Developer";
				INFOPLIST_FILE = "Jorge Garcia/Info.plist";
				LD_RUNPATH_SEARCH_PATHS = "$(inherited) @executable_path/Frameworks";
				PRODUCT_NAME = "$(TARGET_NAME)";
			};
			name = Release;
		};
		D61521531ADE9D1F006772DD /* Debug */ = {
			isa = XCBuildConfiguration;
			buildSettings = {
				BUNDLE_LOADER = "$(TEST_HOST)";
				FRAMEWORK_SEARCH_PATHS = (
					"$(SDKROOT)/Developer/Library/Frameworks",
					"$(inherited)",
				);
				GCC_PREPROCESSOR_DEFINITIONS = (
					"DEBUG=1",
					"$(inherited)",
				);
				INFOPLIST_FILE = "Jorge GarciaTests/Info.plist";
				LD_RUNPATH_SEARCH_PATHS = "$(inherited) @executable_path/Frameworks @loader_path/Frameworks";
				PRODUCT_NAME = "$(TARGET_NAME)";
				TEST_HOST = "$(BUILT_PRODUCTS_DIR)/Jorge Garcia.app/Jorge Garcia";
			};
			name = Debug;
		};
		D61521541ADE9D1F006772DD /* Release */ = {
			isa = XCBuildConfiguration;
			buildSettings = {
				BUNDLE_LOADER = "$(TEST_HOST)";
				FRAMEWORK_SEARCH_PATHS = (
					"$(SDKROOT)/Developer/Library/Frameworks",
					"$(inherited)",
				);
				INFOPLIST_FILE = "Jorge GarciaTests/Info.plist";
				LD_RUNPATH_SEARCH_PATHS = "$(inherited) @executable_path/Frameworks @loader_path/Frameworks";
				PRODUCT_NAME = "$(TARGET_NAME)";
				TEST_HOST = "$(BUILT_PRODUCTS_DIR)/Jorge Garcia.app/Jorge Garcia";
			};
			name = Release;
		};
/* End XCBuildConfiguration section */

/* Begin XCConfigurationList section */
		D615212B1ADE9D1E006772DD /* Build configuration list for PBXProject "Jorge Garcia" */ = {
			isa = XCConfigurationList;
			buildConfigurations = (
				D615214D1ADE9D1F006772DD /* Debug */,
				D615214E1ADE9D1F006772DD /* Release */,
			);
			defaultConfigurationIsVisible = 0;
			defaultConfigurationName = Release;
		};
		D615214F1ADE9D1F006772DD /* Build configuration list for PBXNativeTarget "Jorge Garcia" */ = {
			isa = XCConfigurationList;
			buildConfigurations = (
				D61521501ADE9D1F006772DD /* Debug */,
				D61521511ADE9D1F006772DD /* Release */,
			);
			defaultConfigurationIsVisible = 0;
			defaultConfigurationName = Release;
		};
		D61521521ADE9D1F006772DD /* Build configuration list for PBXNativeTarget "Jorge GarciaTests" */ = {
			isa = XCConfigurationList;
			buildConfigurations = (
				D61521531ADE9D1F006772DD /* Debug */,
				D61521541ADE9D1F006772DD /* Release */,
			);
			defaultConfigurationIsVisible = 0;
			defaultConfigurationName = Release;
		};
/* End XCConfigurationList section */
	};
	rootObject = D61521281ADE9D1E006772DD /* Project object */;
}
